
Microsoft Visual Studio Solution File, Format Version 12.00
# Visual Studio 14
VisualStudioVersion = 14.0.25123.0
MinimumVisualStudioVersion = 10.0.40219.1
Project("{FAE04EC0-301F-11D3-BF4B-00C04F79EFBC}") = "RestAPI", "RestAPI\RestAPI.csproj", "{F4867DA2-C2E2-47F3-B660-9198E4E62DFD}"
EndProject
Global
	GlobalSection(SolutionConfigurationPlatforms) = preSolution
		Debug|Any CPU = Debug|Any CPU
		Release|Any CPU = Release|Any CPU
	EndGlobalSection
	GlobalSection(ProjectConfigurationPlatforms) = postSolution
		{F4867DA2-C2E2-47F3-B660-9198E4E62DFD}.Debug|Any CPU.ActiveCfg = Debug|Any CPU
		{F4867DA2-C2E2-47F3-B660-9198E4E62DFD}.Debug|Any CPU.Build.0 = Debug|Any CPU
		{F4867DA2-C2E2-47F3-B660-9198E4E62DFD}.Release|Any CPU.ActiveCfg = Release|Any CPU
		{F4867DA2-C2E2-47F3-B660-9198E4E62DFD}.Release|Any CPU.Build.0 = Release|Any CPU
	EndGlobalSection
	GlobalSection(SolutionProperties) = preSolution
		HideSolutionNode = FALSE
	EndGlobalSection
EndGlobal
